
Microsoft Visual Studio Solution File, Format Version 12.00
# Visual Studio 15
VisualStudioVersion = 15.0.27703.2000
MinimumVisualStudioVersion = 10.0.40219.1
Project("{FAE04EC0-301F-11D3-BF4B-00C04F79EFBC}") = "TurtleGame.Domain", "TurtleGame.Domain\TurtleGame.Domain.csproj", "{4C9A1DAB-48CB-4B65-933F-6DE5F7719465}"
EndProject
Project("{2150E333-8FDC-42A3-9474-1A3956D46DE8}") = "Tests", "Tests", "{FCCDABA8-24A7-4ED3-81C6-E5F5B58BC93E}"
EndProject
Project("{FAE04EC0-301F-11D3-BF4B-00C04F79EFBC}") = "TurtleGame.Domain.Tests", "TurtleGame.Domain.Tests\TurtleGame.Domain.Tests.csproj", "{A5D8C854-FEF7-407D-860D-6B5B140EB80D}"
EndProject
Project("{2150E333-8FDC-42A3-9474-1A3956D46DE8}") = "Solution Items", "Solution Items", "{A125720E-7EA3-46AE-904A-367C8F645702}"
	ProjectSection(SolutionItems) = preProject
		Readme.md = Readme.md
	EndProjectSection
EndProject
Global
	GlobalSection(SolutionConfigurationPlatforms) = preSolution
		Debug|Any CPU = Debug|Any CPU
		Release|Any CPU = Release|Any CPU
	EndGlobalSection
	GlobalSection(ProjectConfigurationPlatforms) = postSolution
		{4C9A1DAB-48CB-4B65-933F-6DE5F7719465}.Debug|Any CPU.ActiveCfg = Debug|Any CPU
		{4C9A1DAB-48CB-4B65-933F-6DE5F7719465}.Debug|Any CPU.Build.0 = Debug|Any CPU
		{4C9A1DAB-48CB-4B65-933F-6DE5F7719465}.Release|Any CPU.ActiveCfg = Release|Any CPU
		{4C9A1DAB-48CB-4B65-933F-6DE5F7719465}.Release|Any CPU.Build.0 = Release|Any CPU
		{A5D8C854-FEF7-407D-860D-6B5B140EB80D}.Debug|Any CPU.ActiveCfg = Debug|Any CPU
		{A5D8C854-FEF7-407D-860D-6B5B140EB80D}.Debug|Any CPU.Build.0 = Debug|Any CPU
		{A5D8C854-FEF7-407D-860D-6B5B140EB80D}.Release|Any CPU.ActiveCfg = Release|Any CPU
		{A5D8C854-FEF7-407D-860D-6B5B140EB80D}.Release|Any CPU.Build.0 = Release|Any CPU
	EndGlobalSection
	GlobalSection(SolutionProperties) = preSolution
		HideSolutionNode = FALSE
	EndGlobalSection
	GlobalSection(NestedProjects) = preSolution
		{A5D8C854-FEF7-407D-860D-6B5B140EB80D} = {FCCDABA8-24A7-4ED3-81C6-E5F5B58BC93E}
	EndGlobalSection
	GlobalSection(ExtensibilityGlobals) = postSolution
		SolutionGuid = {247B3F4C-4D9E-4D96-9119-A34788D1D219}
	EndGlobalSection
EndGlobal
