
Microsoft Visual Studio Solution File, Format Version 12.00
# Visual Studio 15
VisualStudioVersion = 15.0.27703.2000
MinimumVisualStudioVersion = 10.0.40219.1
Project("{2150E333-8FDC-42A3-9474-1A3956D46DE8}") = "Tests", "Tests", "{FCCDABA8-24A7-4ED3-81C6-E5F5B58BC93E}"
EndProject
Project("{2150E333-8FDC-42A3-9474-1A3956D46DE8}") = "Solution Items", "Solution Items", "{A125720E-7EA3-46AE-904A-367C8F645702}"
	ProjectSection(SolutionItems) = preProject
		Readme.md = Readme.md
	EndProjectSection
EndProject
Project("{9A19103F-16F7-4668-BE54-9A1E7A4F7556}") = "TurtleGame.Domain", "src\TurtleGame.Domain\TurtleGame.Domain.csproj", "{F4206893-4FF6-4FFF-9403-B5CAB126CB4B}"
EndProject
Project("{9A19103F-16F7-4668-BE54-9A1E7A4F7556}") = "TurtleGame.Domain.Tests", "test\TurtleGame.Domain.Tests\TurtleGame.Domain.Tests.csproj", "{0D4E8684-58EF-4A6D-8A56-DFE5C9EE80A5}"
EndProject
Project("{9A19103F-16F7-4668-BE54-9A1E7A4F7556}") = "TurtleGame.Domain.Integration.Tests", "test\TurtleGame.Domain.Integration.Tests\TurtleGame.Domain.Integration.Tests.csproj", "{9285A5EB-C0C5-4C4D-B3FF-087A2BC8127F}"
EndProject
Project("{9A19103F-16F7-4668-BE54-9A1E7A4F7556}") = "TurtleGame.SharedKernel.Tests", "test\TurtleGame.SharedKernel.Tests\TurtleGame.SharedKernel.Tests.csproj", "{482F6643-F1F4-4AC3-B15C-9263A68AE89E}"
EndProject
Project("{9A19103F-16F7-4668-BE54-9A1E7A4F7556}") = "TurtleGame.SharedKernel", "src\TurtleGame.SharedKernel\TurtleGame.SharedKernel.csproj", "{A1189356-557A-4DDE-BB5F-7B809D8E7E30}"
EndProject
Global
	GlobalSection(SolutionConfigurationPlatforms) = preSolution
		Debug|Any CPU = Debug|Any CPU
		Release|Any CPU = Release|Any CPU
	EndGlobalSection
	GlobalSection(ProjectConfigurationPlatforms) = postSolution
		{F4206893-4FF6-4FFF-9403-B5CAB126CB4B}.Debug|Any CPU.ActiveCfg = Debug|Any CPU
		{F4206893-4FF6-4FFF-9403-B5CAB126CB4B}.Debug|Any CPU.Build.0 = Debug|Any CPU
		{F4206893-4FF6-4FFF-9403-B5CAB126CB4B}.Release|Any CPU.ActiveCfg = Release|Any CPU
		{F4206893-4FF6-4FFF-9403-B5CAB126CB4B}.Release|Any CPU.Build.0 = Release|Any CPU
		{0D4E8684-58EF-4A6D-8A56-DFE5C9EE80A5}.Debug|Any CPU.ActiveCfg = Debug|Any CPU
		{0D4E8684-58EF-4A6D-8A56-DFE5C9EE80A5}.Debug|Any CPU.Build.0 = Debug|Any CPU
		{0D4E8684-58EF-4A6D-8A56-DFE5C9EE80A5}.Release|Any CPU.ActiveCfg = Release|Any CPU
		{0D4E8684-58EF-4A6D-8A56-DFE5C9EE80A5}.Release|Any CPU.Build.0 = Release|Any CPU
		{9285A5EB-C0C5-4C4D-B3FF-087A2BC8127F}.Debug|Any CPU.ActiveCfg = Debug|Any CPU
		{9285A5EB-C0C5-4C4D-B3FF-087A2BC8127F}.Debug|Any CPU.Build.0 = Debug|Any CPU
		{9285A5EB-C0C5-4C4D-B3FF-087A2BC8127F}.Release|Any CPU.ActiveCfg = Release|Any CPU
		{9285A5EB-C0C5-4C4D-B3FF-087A2BC8127F}.Release|Any CPU.Build.0 = Release|Any CPU
		{482F6643-F1F4-4AC3-B15C-9263A68AE89E}.Debug|Any CPU.ActiveCfg = Debug|Any CPU
		{482F6643-F1F4-4AC3-B15C-9263A68AE89E}.Debug|Any CPU.Build.0 = Debug|Any CPU
		{482F6643-F1F4-4AC3-B15C-9263A68AE89E}.Release|Any CPU.ActiveCfg = Release|Any CPU
		{482F6643-F1F4-4AC3-B15C-9263A68AE89E}.Release|Any CPU.Build.0 = Release|Any CPU
		{A1189356-557A-4DDE-BB5F-7B809D8E7E30}.Debug|Any CPU.ActiveCfg = Debug|Any CPU
		{A1189356-557A-4DDE-BB5F-7B809D8E7E30}.Debug|Any CPU.Build.0 = Debug|Any CPU
		{A1189356-557A-4DDE-BB5F-7B809D8E7E30}.Release|Any CPU.ActiveCfg = Release|Any CPU
		{A1189356-557A-4DDE-BB5F-7B809D8E7E30}.Release|Any CPU.Build.0 = Release|Any CPU
	EndGlobalSection
	GlobalSection(SolutionProperties) = preSolution
		HideSolutionNode = FALSE
	EndGlobalSection
	GlobalSection(NestedProjects) = preSolution
		{0D4E8684-58EF-4A6D-8A56-DFE5C9EE80A5} = {FCCDABA8-24A7-4ED3-81C6-E5F5B58BC93E}
		{9285A5EB-C0C5-4C4D-B3FF-087A2BC8127F} = {FCCDABA8-24A7-4ED3-81C6-E5F5B58BC93E}
		{482F6643-F1F4-4AC3-B15C-9263A68AE89E} = {FCCDABA8-24A7-4ED3-81C6-E5F5B58BC93E}
	EndGlobalSection
	GlobalSection(ExtensibilityGlobals) = postSolution
		SolutionGuid = {247B3F4C-4D9E-4D96-9119-A34788D1D219}
	EndGlobalSection
EndGlobal
